// !$*UTF8*$!
{
	archiveVersion = 1;
	classes = {
	};
	objectVersion = 46;
	objects = {

/* Begin PBXBuildFile section */
		F79E7C911DF554B80003BEEF /* AppDelegate.swift in Sources */ = {isa = PBXBuildFile; fileRef = F79E7C901DF554B80003BEEF /* AppDelegate.swift */; };
		F79E7C931DF554B80003BEEF /* ViewController.swift in Sources */ = {isa = PBXBuildFile; fileRef = F79E7C921DF554B80003BEEF /* ViewController.swift */; };
		F79E7C961DF554B80003BEEF /* Main.storyboard in Resources */ = {isa = PBXBuildFile; fileRef = F79E7C941DF554B80003BEEF /* Main.storyboard */; };
		F79E7C981DF554B80003BEEF /* Assets.xcassets in Resources */ = {isa = PBXBuildFile; fileRef = F79E7C971DF554B80003BEEF /* Assets.xcassets */; };
		F79E7C9B1DF554B80003BEEF /* LaunchScreen.storyboard in Resources */ = {isa = PBXBuildFile; fileRef = F79E7C991DF554B80003BEEF /* LaunchScreen.storyboard */; };
		F79E7CA61DF554B80003BEEF /* ChatAppXMPPTests.swift in Sources */ = {isa = PBXBuildFile; fileRef = F79E7CA51DF554B80003BEEF /* ChatAppXMPPTests.swift */; };
		F79E7CB11DF554B90003BEEF /* ChatAppXMPPUITests.swift in Sources */ = {isa = PBXBuildFile; fileRef = F79E7CB01DF554B90003BEEF /* ChatAppXMPPUITests.swift */; };
/* End PBXBuildFile section */

/* Begin PBXContainerItemProxy section */
		F79E7CA21DF554B80003BEEF /* PBXContainerItemProxy */ = {
			isa = PBXContainerItemProxy;
			containerPortal = F79E7C851DF554B80003BEEF /* Project object */;
			proxyType = 1;
			remoteGlobalIDString = F79E7C8C1DF554B80003BEEF;
			remoteInfo = ChatAppXMPP;
		};
		F79E7CAD1DF554B90003BEEF /* PBXContainerItemProxy */ = {
			isa = PBXContainerItemProxy;
			containerPortal = F79E7C851DF554B80003BEEF /* Project object */;
			proxyType = 1;
			remoteGlobalIDString = F79E7C8C1DF554B80003BEEF;
			remoteInfo = ChatAppXMPP;
		};
/* End PBXContainerItemProxy section */

/* Begin PBXFileReference section */
		F79E7C8D1DF554B80003BEEF /* ChatAppXMPP.app */ = {isa = PBXFileReference; explicitFileType = wrapper.application; includeInIndex = 0; path = ChatAppXMPP.app; sourceTree = BUILT_PRODUCTS_DIR; };
		F79E7C901DF554B80003BEEF /* AppDelegate.swift */ = {isa = PBXFileReference; lastKnownFileType = sourcecode.swift; path = AppDelegate.swift; sourceTree = "<group>"; };
		F79E7C921DF554B80003BEEF /* ViewController.swift */ = {isa = PBXFileReference; lastKnownFileType = sourcecode.swift; path = ViewController.swift; sourceTree = "<group>"; };
		F79E7C951DF554B80003BEEF /* Base */ = {isa = PBXFileReference; lastKnownFileType = file.storyboard; name = Base; path = Base.lproj/Main.storyboard; sourceTree = "<group>"; };
		F79E7C971DF554B80003BEEF /* Assets.xcassets */ = {isa = PBXFileReference; lastKnownFileType = folder.assetcatalog; path = Assets.xcassets; sourceTree = "<group>"; };
		F79E7C9A1DF554B80003BEEF /* Base */ = {isa = PBXFileReference; lastKnownFileType = file.storyboard; name = Base; path = Base.lproj/LaunchScreen.storyboard; sourceTree = "<group>"; };
		F79E7C9C1DF554B80003BEEF /* Info.plist */ = {isa = PBXFileReference; lastKnownFileType = text.plist.xml; path = Info.plist; sourceTree = "<group>"; };
		F79E7CA11DF554B80003BEEF /* ChatAppXMPPTests.xctest */ = {isa = PBXFileReference; explicitFileType = wrapper.cfbundle; includeInIndex = 0; path = ChatAppXMPPTests.xctest; sourceTree = BUILT_PRODUCTS_DIR; };
		F79E7CA51DF554B80003BEEF /* ChatAppXMPPTests.swift */ = {isa = PBXFileReference; lastKnownFileType = sourcecode.swift; path = ChatAppXMPPTests.swift; sourceTree = "<group>"; };
		F79E7CA71DF554B80003BEEF /* Info.plist */ = {isa = PBXFileReference; lastKnownFileType = text.plist.xml; path = Info.plist; sourceTree = "<group>"; };
		F79E7CAC1DF554B90003BEEF /* ChatAppXMPPUITests.xctest */ = {isa = PBXFileReference; explicitFileType = wrapper.cfbundle; includeInIndex = 0; path = ChatAppXMPPUITests.xctest; sourceTree = BUILT_PRODUCTS_DIR; };
		F79E7CB01DF554B90003BEEF /* ChatAppXMPPUITests.swift */ = {isa = PBXFileReference; lastKnownFileType = sourcecode.swift; path = ChatAppXMPPUITests.swift; sourceTree = "<group>"; };
		F79E7CB21DF554B90003BEEF /* Info.plist */ = {isa = PBXFileReference; lastKnownFileType = text.plist.xml; path = Info.plist; sourceTree = "<group>"; };
/* End PBXFileReference section */

/* Begin PBXFrameworksBuildPhase section */
		F79E7C8A1DF554B80003BEEF /* Frameworks */ = {
			isa = PBXFrameworksBuildPhase;
			buildActionMask = 2147483647;
			files = (
			);
			runOnlyForDeploymentPostprocessing = 0;
		};
		F79E7C9E1DF554B80003BEEF /* Frameworks */ = {
			isa = PBXFrameworksBuildPhase;
			buildActionMask = 2147483647;
			files = (
			);
			runOnlyForDeploymentPostprocessing = 0;
		};
		F79E7CA91DF554B90003BEEF /* Frameworks */ = {
			isa = PBXFrameworksBuildPhase;
			buildActionMask = 2147483647;
			files = (
			);
			runOnlyForDeploymentPostprocessing = 0;
		};
/* End PBXFrameworksBuildPhase section */

/* Begin PBXGroup section */
		F79E7C841DF554B80003BEEF = {
			isa = PBXGroup;
			children = (
				F79E7C8F1DF554B80003BEEF /* ChatAppXMPP */,
				F79E7CA41DF554B80003BEEF /* ChatAppXMPPTests */,
				F79E7CAF1DF554B90003BEEF /* ChatAppXMPPUITests */,
				F79E7C8E1DF554B80003BEEF /* Products */,
			);
			sourceTree = "<group>";
		};
		F79E7C8E1DF554B80003BEEF /* Products */ = {
			isa = PBXGroup;
			children = (
				F79E7C8D1DF554B80003BEEF /* ChatAppXMPP.app */,
				F79E7CA11DF554B80003BEEF /* ChatAppXMPPTests.xctest */,
				F79E7CAC1DF554B90003BEEF /* ChatAppXMPPUITests.xctest */,
			);
			name = Products;
			sourceTree = "<group>";
		};
		F79E7C8F1DF554B80003BEEF /* ChatAppXMPP */ = {
			isa = PBXGroup;
			children = (
				F79E7C901DF554B80003BEEF /* AppDelegate.swift */,
				F79E7C921DF554B80003BEEF /* ViewController.swift */,
				F79E7C941DF554B80003BEEF /* Main.storyboard */,
				F79E7C971DF554B80003BEEF /* Assets.xcassets */,
				F79E7C991DF554B80003BEEF /* LaunchScreen.storyboard */,
				F79E7C9C1DF554B80003BEEF /* Info.plist */,
			);
			path = ChatAppXMPP;
			sourceTree = "<group>";
		};
		F79E7CA41DF554B80003BEEF /* ChatAppXMPPTests */ = {
			isa = PBXGroup;
			children = (
				F79E7CA51DF554B80003BEEF /* ChatAppXMPPTests.swift */,
				F79E7CA71DF554B80003BEEF /* Info.plist */,
			);
			path = ChatAppXMPPTests;
			sourceTree = "<group>";
		};
		F79E7CAF1DF554B90003BEEF /* ChatAppXMPPUITests */ = {
			isa = PBXGroup;
			children = (
				F79E7CB01DF554B90003BEEF /* ChatAppXMPPUITests.swift */,
				F79E7CB21DF554B90003BEEF /* Info.plist */,
			);
			path = ChatAppXMPPUITests;
			sourceTree = "<group>";
		};
/* End PBXGroup section */

/* Begin PBXNativeTarget section */
		F79E7C8C1DF554B80003BEEF /* ChatAppXMPP */ = {
			isa = PBXNativeTarget;
			buildConfigurationList = F79E7CB51DF554B90003BEEF /* Build configuration list for PBXNativeTarget "ChatAppXMPP" */;
			buildPhases = (
				F79E7C891DF554B80003BEEF /* Sources */,
				F79E7C8A1DF554B80003BEEF /* Frameworks */,
				F79E7C8B1DF554B80003BEEF /* Resources */,
			);
			buildRules = (
			);
			dependencies = (
			);
			name = ChatAppXMPP;
			productName = ChatAppXMPP;
			productReference = F79E7C8D1DF554B80003BEEF /* ChatAppXMPP.app */;
			productType = "com.apple.product-type.application";
		};
		F79E7CA01DF554B80003BEEF /* ChatAppXMPPTests */ = {
			isa = PBXNativeTarget;
			buildConfigurationList = F79E7CB81DF554B90003BEEF /* Build configuration list for PBXNativeTarget "ChatAppXMPPTests" */;
			buildPhases = (
				F79E7C9D1DF554B80003BEEF /* Sources */,
				F79E7C9E1DF554B80003BEEF /* Frameworks */,
				F79E7C9F1DF554B80003BEEF /* Resources */,
			);
			buildRules = (
			);
			dependencies = (
				F79E7CA31DF554B80003BEEF /* PBXTargetDependency */,
			);
			name = ChatAppXMPPTests;
			productName = ChatAppXMPPTests;
			productReference = F79E7CA11DF554B80003BEEF /* ChatAppXMPPTests.xctest */;
			productType = "com.apple.product-type.bundle.unit-test";
		};
		F79E7CAB1DF554B90003BEEF /* ChatAppXMPPUITests */ = {
			isa = PBXNativeTarget;
			buildConfigurationList = F79E7CBB1DF554B90003BEEF /* Build configuration list for PBXNativeTarget "ChatAppXMPPUITests" */;
			buildPhases = (
				F79E7CA81DF554B90003BEEF /* Sources */,
				F79E7CA91DF554B90003BEEF /* Frameworks */,
				F79E7CAA1DF554B90003BEEF /* Resources */,
			);
			buildRules = (
			);
			dependencies = (
				F79E7CAE1DF554B90003BEEF /* PBXTargetDependency */,
			);
			name = ChatAppXMPPUITests;
			productName = ChatAppXMPPUITests;
			productReference = F79E7CAC1DF554B90003BEEF /* ChatAppXMPPUITests.xctest */;
			productType = "com.apple.product-type.bundle.ui-testing";
		};
/* End PBXNativeTarget section */

/* Begin PBXProject section */
		F79E7C851DF554B80003BEEF /* Project object */ = {
			isa = PBXProject;
			attributes = {
				LastSwiftUpdateCheck = 0800;
				LastUpgradeCheck = 0800;
				ORGANIZATIONNAME = marco;
				TargetAttributes = {
					F79E7C8C1DF554B80003BEEF = {
						CreatedOnToolsVersion = 8.0;
						ProvisioningStyle = Automatic;
					};
					F79E7CA01DF554B80003BEEF = {
						CreatedOnToolsVersion = 8.0;
						ProvisioningStyle = Automatic;
						TestTargetID = F79E7C8C1DF554B80003BEEF;
					};
					F79E7CAB1DF554B90003BEEF = {
						CreatedOnToolsVersion = 8.0;
						ProvisioningStyle = Automatic;
						TestTargetID = F79E7C8C1DF554B80003BEEF;
					};
				};
			};
			buildConfigurationList = F79E7C881DF554B80003BEEF /* Build configuration list for PBXProject "ChatAppXMPP" */;
			compatibilityVersion = "Xcode 3.2";
			developmentRegion = English;
			hasScannedForEncodings = 0;
			knownRegions = (
				en,
				Base,
			);
			mainGroup = F79E7C841DF554B80003BEEF;
			productRefGroup = F79E7C8E1DF554B80003BEEF /* Products */;
			projectDirPath = "";
			projectRoot = "";
			targets = (
				F79E7C8C1DF554B80003BEEF /* ChatAppXMPP */,
				F79E7CA01DF554B80003BEEF /* ChatAppXMPPTests */,
				F79E7CAB1DF554B90003BEEF /* ChatAppXMPPUITests */,
			);
		};
/* End PBXProject section */

/* Begin PBXResourcesBuildPhase section */
		F79E7C8B1DF554B80003BEEF /* Resources */ = {
			isa = PBXResourcesBuildPhase;
			buildActionMask = 2147483647;
			files = (
				F79E7C9B1DF554B80003BEEF /* LaunchScreen.storyboard in Resources */,
				F79E7C981DF554B80003BEEF /* Assets.xcassets in Resources */,
				F79E7C961DF554B80003BEEF /* Main.storyboard in Resources */,
			);
			runOnlyForDeploymentPostprocessing = 0;
		};
		F79E7C9F1DF554B80003BEEF /* Resources */ = {
			isa = PBXResourcesBuildPhase;
			buildActionMask = 2147483647;
			files = (
			);
			runOnlyForDeploymentPostprocessing = 0;
		};
		F79E7CAA1DF554B90003BEEF /* Resources */ = {
			isa = PBXResourcesBuildPhase;
			buildActionMask = 2147483647;
			files = (
			);
			runOnlyForDeploymentPostprocessing = 0;
		};
/* End PBXResourcesBuildPhase section */

/* Begin PBXSourcesBuildPhase section */
		F79E7C891DF554B80003BEEF /* Sources */ = {
			isa = PBXSourcesBuildPhase;
			buildActionMask = 2147483647;
			files = (
				F79E7C931DF554B80003BEEF /* ViewController.swift in Sources */,
				F79E7C911DF554B80003BEEF /* AppDelegate.swift in Sources */,
			);
			runOnlyForDeploymentPostprocessing = 0;
		};
		F79E7C9D1DF554B80003BEEF /* Sources */ = {
			isa = PBXSourcesBuildPhase;
			buildActionMask = 2147483647;
			files = (
				F79E7CA61DF554B80003BEEF /* ChatAppXMPPTests.swift in Sources */,
			);
			runOnlyForDeploymentPostprocessing = 0;
		};
		F79E7CA81DF554B90003BEEF /* Sources */ = {
			isa = PBXSourcesBuildPhase;
			buildActionMask = 2147483647;
			files = (
				F79E7CB11DF554B90003BEEF /* ChatAppXMPPUITests.swift in Sources */,
			);
			runOnlyForDeploymentPostprocessing = 0;
		};
/* End PBXSourcesBuildPhase section */

/* Begin PBXTargetDependency section */
		F79E7CA31DF554B80003BEEF /* PBXTargetDependency */ = {
			isa = PBXTargetDependency;
			target = F79E7C8C1DF554B80003BEEF /* ChatAppXMPP */;
			targetProxy = F79E7CA21DF554B80003BEEF /* PBXContainerItemProxy */;
		};
		F79E7CAE1DF554B90003BEEF /* PBXTargetDependency */ = {
			isa = PBXTargetDependency;
			target = F79E7C8C1DF554B80003BEEF /* ChatAppXMPP */;
			targetProxy = F79E7CAD1DF554B90003BEEF /* PBXContainerItemProxy */;
		};
/* End PBXTargetDependency section */

/* Begin PBXVariantGroup section */
		F79E7C941DF554B80003BEEF /* Main.storyboard */ = {
			isa = PBXVariantGroup;
			children = (
				F79E7C951DF554B80003BEEF /* Base */,
			);
			name = Main.storyboard;
			sourceTree = "<group>";
		};
		F79E7C991DF554B80003BEEF /* LaunchScreen.storyboard */ = {
			isa = PBXVariantGroup;
			children = (
				F79E7C9A1DF554B80003BEEF /* Base */,
			);
			name = LaunchScreen.storyboard;
			sourceTree = "<group>";
		};
/* End PBXVariantGroup section */

/* Begin XCBuildConfiguration section */
		F79E7CB31DF554B90003BEEF /* Debug */ = {
			isa = XCBuildConfiguration;
			buildSettings = {
				ALWAYS_SEARCH_USER_PATHS = NO;
				CLANG_ANALYZER_NONNULL = YES;
				CLANG_CXX_LANGUAGE_STANDARD = "gnu++0x";
				CLANG_CXX_LIBRARY = "libc++";
				CLANG_ENABLE_MODULES = YES;
				CLANG_ENABLE_OBJC_ARC = YES;
				CLANG_WARN_BOOL_CONVERSION = YES;
				CLANG_WARN_CONSTANT_CONVERSION = YES;
				CLANG_WARN_DIRECT_OBJC_ISA_USAGE = YES_ERROR;
				CLANG_WARN_DOCUMENTATION_COMMENTS = YES;
				CLANG_WARN_EMPTY_BODY = YES;
				CLANG_WARN_ENUM_CONVERSION = YES;
				CLANG_WARN_INFINITE_RECURSION = YES;
				CLANG_WARN_INT_CONVERSION = YES;
				CLANG_WARN_OBJC_ROOT_CLASS = YES_ERROR;
				CLANG_WARN_SUSPICIOUS_MOVES = YES;
				CLANG_WARN_UNREACHABLE_CODE = YES;
				CLANG_WARN__DUPLICATE_METHOD_MATCH = YES;
				"CODE_SIGN_IDENTITY[sdk=iphoneos*]" = "iPhone Developer";
				COPY_PHASE_STRIP = NO;
				DEBUG_INFORMATION_FORMAT = dwarf;
				ENABLE_STRICT_OBJC_MSGSEND = YES;
				ENABLE_TESTABILITY = YES;
				GCC_C_LANGUAGE_STANDARD = gnu99;
				GCC_DYNAMIC_NO_PIC = NO;
				GCC_NO_COMMON_BLOCKS = YES;
				GCC_OPTIMIZATION_LEVEL = 0;
				GCC_PREPROCESSOR_DEFINITIONS = (
					"DEBUG=1",
					"$(inherited)",
				);
				GCC_WARN_64_TO_32_BIT_CONVERSION = YES;
				GCC_WARN_ABOUT_RETURN_TYPE = YES_ERROR;
				GCC_WARN_UNDECLARED_SELECTOR = YES;
				GCC_WARN_UNINITIALIZED_AUTOS = YES_AGGRESSIVE;
				GCC_WARN_UNUSED_FUNCTION = YES;
				GCC_WARN_UNUSED_VARIABLE = YES;
				IPHONEOS_DEPLOYMENT_TARGET = 10.0;
				MTL_ENABLE_DEBUG_INFO = YES;
				ONLY_ACTIVE_ARCH = YES;
				SDKROOT = iphoneos;
				SWIFT_ACTIVE_COMPILATION_CONDITIONS = DEBUG;
				SWIFT_OPTIMIZATION_LEVEL = "-Onone";
			};
			name = Debug;
		};
		F79E7CB41DF554B90003BEEF /* Release */ = {
			isa = XCBuildConfiguration;
			buildSettings = {
				ALWAYS_SEARCH_USER_PATHS = NO;
				CLANG_ANALYZER_NONNULL = YES;
				CLANG_CXX_LANGUAGE_STANDARD = "gnu++0x";
				CLANG_CXX_LIBRARY = "libc++";
				CLANG_ENABLE_MODULES = YES;
				CLANG_ENABLE_OBJC_ARC = YES;
				CLANG_WARN_BOOL_CONVERSION = YES;
				CLANG_WARN_CONSTANT_CONVERSION = YES;
				CLANG_WARN_DIRECT_OBJC_ISA_USAGE = YES_ERROR;
				CLANG_WARN_DOCUMENTATION_COMMENTS = YES;
				CLANG_WARN_EMPTY_BODY = YES;
				CLANG_WARN_ENUM_CONVERSION = YES;
				CLANG_WARN_INFINITE_RECURSION = YES;
				CLANG_WARN_INT_CONVERSION = YES;
				CLANG_WARN_OBJC_ROOT_CLASS = YES_ERROR;
				CLANG_WARN_SUSPICIOUS_MOVES = YES;
				CLANG_WARN_UNREACHABLE_CODE = YES;
				CLANG_WARN__DUPLICATE_METHOD_MATCH = YES;
				"CODE_SIGN_IDENTITY[sdk=iphoneos*]" = "iPhone Developer";
				COPY_PHASE_STRIP = NO;
				DEBUG_INFORMATION_FORMAT = "dwarf-with-dsym";
				ENABLE_NS_ASSERTIONS = NO;
				ENABLE_STRICT_OBJC_MSGSEND = YES;
				GCC_C_LANGUAGE_STANDARD = gnu99;
				GCC_NO_COMMON_BLOCKS = YES;
				GCC_WARN_64_TO_32_BIT_CONVERSION = YES;
				GCC_WARN_ABOUT_RETURN_TYPE = YES_ERROR;
				GCC_WARN_UNDECLARED_SELECTOR = YES;
				GCC_WARN_UNINITIALIZED_AUTOS = YES_AGGRESSIVE;
				GCC_WARN_UNUSED_FUNCTION = YES;
				GCC_WARN_UNUSED_VARIABLE = YES;
				IPHONEOS_DEPLOYMENT_TARGET = 10.0;
				MTL_ENABLE_DEBUG_INFO = NO;
				SDKROOT = iphoneos;
				SWIFT_OPTIMIZATION_LEVEL = "-Owholemodule";
				VALIDATE_PRODUCT = YES;
			};
			name = Release;
		};
		F79E7CB61DF554B90003BEEF /* Debug */ = {
			isa = XCBuildConfiguration;
			buildSettings = {
				ASSETCATALOG_COMPILER_APPICON_NAME = AppIcon;
				INFOPLIST_FILE = ChatAppXMPP/Info.plist;
				LD_RUNPATH_SEARCH_PATHS = "$(inherited) @executable_path/Frameworks";
				PRODUCT_BUNDLE_IDENTIFIER = it.key4.tob.ChatAppXMPP;
				PRODUCT_NAME = "$(TARGET_NAME)";
				SWIFT_VERSION = 3.0;
			};
			name = Debug;
		};
		F79E7CB71DF554B90003BEEF /* Release */ = {
			isa = XCBuildConfiguration;
			buildSettings = {
				ASSETCATALOG_COMPILER_APPICON_NAME = AppIcon;
				INFOPLIST_FILE = ChatAppXMPP/Info.plist;
				LD_RUNPATH_SEARCH_PATHS = "$(inherited) @executable_path/Frameworks";
				PRODUCT_BUNDLE_IDENTIFIER = it.key4.tob.ChatAppXMPP;
				PRODUCT_NAME = "$(TARGET_NAME)";
				SWIFT_VERSION = 3.0;
			};
			name = Release;
		};
		F79E7CB91DF554B90003BEEF /* Debug */ = {
			isa = XCBuildConfiguration;
			buildSettings = {
				ALWAYS_EMBED_SWIFT_STANDARD_LIBRARIES = YES;
				BUNDLE_LOADER = "$(TEST_HOST)";
				INFOPLIST_FILE = ChatAppXMPPTests/Info.plist;
				LD_RUNPATH_SEARCH_PATHS = "$(inherited) @executable_path/Frameworks @loader_path/Frameworks";
				PRODUCT_BUNDLE_IDENTIFIER = it.key4.tob.ChatAppXMPPTests;
				PRODUCT_NAME = "$(TARGET_NAME)";
				SWIFT_VERSION = 3.0;
				TEST_HOST = "$(BUILT_PRODUCTS_DIR)/ChatAppXMPP.app/ChatAppXMPP";
			};
			name = Debug;
		};
		F79E7CBA1DF554B90003BEEF /* Release */ = {
			isa = XCBuildConfiguration;
			buildSettings = {
				ALWAYS_EMBED_SWIFT_STANDARD_LIBRARIES = YES;
				BUNDLE_LOADER = "$(TEST_HOST)";
				INFOPLIST_FILE = ChatAppXMPPTests/Info.plist;
				LD_RUNPATH_SEARCH_PATHS = "$(inherited) @executable_path/Frameworks @loader_path/Frameworks";
				PRODUCT_BUNDLE_IDENTIFIER = it.key4.tob.ChatAppXMPPTests;
				PRODUCT_NAME = "$(TARGET_NAME)";
				SWIFT_VERSION = 3.0;
				TEST_HOST = "$(BUILT_PRODUCTS_DIR)/ChatAppXMPP.app/ChatAppXMPP";
			};
			name = Release;
		};
		F79E7CBC1DF554B90003BEEF /* Debug */ = {
			isa = XCBuildConfiguration;
			buildSettings = {
				ALWAYS_EMBED_SWIFT_STANDARD_LIBRARIES = YES;
				INFOPLIST_FILE = ChatAppXMPPUITests/Info.plist;
				LD_RUNPATH_SEARCH_PATHS = "$(inherited) @executable_path/Frameworks @loader_path/Frameworks";
				PRODUCT_BUNDLE_IDENTIFIER = it.key4.tob.ChatAppXMPPUITests;
				PRODUCT_NAME = "$(TARGET_NAME)";
				SWIFT_VERSION = 3.0;
				TEST_TARGET_NAME = ChatAppXMPP;
			};
			name = Debug;
		};
		F79E7CBD1DF554B90003BEEF /* Release */ = {
			isa = XCBuildConfiguration;
			buildSettings = {
				ALWAYS_EMBED_SWIFT_STANDARD_LIBRARIES = YES;
				INFOPLIST_FILE = ChatAppXMPPUITests/Info.plist;
				LD_RUNPATH_SEARCH_PATHS = "$(inherited) @executable_path/Frameworks @loader_path/Frameworks";
				PRODUCT_BUNDLE_IDENTIFIER = it.key4.tob.ChatAppXMPPUITests;
				PRODUCT_NAME = "$(TARGET_NAME)";
				SWIFT_VERSION = 3.0;
				TEST_TARGET_NAME = ChatAppXMPP;
			};
			name = Release;
		};
/* End XCBuildConfiguration section */

/* Begin XCConfigurationList section */
		F79E7C881DF554B80003BEEF /* Build configuration list for PBXProject "ChatAppXMPP" */ = {
			isa = XCConfigurationList;
			buildConfigurations = (
				F79E7CB31DF554B90003BEEF /* Debug */,
				F79E7CB41DF554B90003BEEF /* Release */,
			);
			defaultConfigurationIsVisible = 0;
			defaultConfigurationName = Release;
		};
		F79E7CB51DF554B90003BEEF /* Build configuration list for PBXNativeTarget "ChatAppXMPP" */ = {
			isa = XCConfigurationList;
			buildConfigurations = (
				F79E7CB61DF554B90003BEEF /* Debug */,
				F79E7CB71DF554B90003BEEF /* Release */,
			);
			defaultConfigurationIsVisible = 0;
		};
		F79E7CB81DF554B90003BEEF /* Build configuration list for PBXNativeTarget "ChatAppXMPPTests" */ = {
			isa = XCConfigurationList;
			buildConfigurations = (
				F79E7CB91DF554B90003BEEF /* Debug */,
				F79E7CBA1DF554B90003BEEF /* Release */,
			);
			defaultConfigurationIsVisible = 0;
		};
		F79E7CBB1DF554B90003BEEF /* Build configuration list for PBXNativeTarget "ChatAppXMPPUITests" */ = {
			isa = XCConfigurationList;
			buildConfigurations = (
				F79E7CBC1DF554B90003BEEF /* Debug */,
				F79E7CBD1DF554B90003BEEF /* Release */,
			);
			defaultConfigurationIsVisible = 0;
		};
/* End XCConfigurationList section */
	};
	rootObject = F79E7C851DF554B80003BEEF /* Project object */;
}
